
Microsoft Visual Studio Solution File, Format Version 11.00
# Visual Studio 2010
Project("{FAE04EC0-301F-11D3-BF4B-00C04F79EFBC}") = "EditMedia", "EditMedia\EditMedia.csproj", "{9B11FB66-E3AF-4BA2-9B7F-348D679767D1}"
EndProject
Project("{FAE04EC0-301F-11D3-BF4B-00C04F79EFBC}") = "EditMedia.Web", "EditMedia.Web\EditMedia.Web.csproj", "{A617C4AE-7391-4AF8-8A5E-240419BBEED4}"
EndProject
Global
	GlobalSection(SolutionConfigurationPlatforms) = preSolution
		Debug|Any CPU = Debug|Any CPU
		Release|Any CPU = Release|Any CPU
	EndGlobalSection
	GlobalSection(ProjectConfigurationPlatforms) = postSolution
		{9B11FB66-E3AF-4BA2-9B7F-348D679767D1}.Debug|Any CPU.ActiveCfg = Debug|Any CPU
		{9B11FB66-E3AF-4BA2-9B7F-348D679767D1}.Debug|Any CPU.Build.0 = Debug|Any CPU
		{9B11FB66-E3AF-4BA2-9B7F-348D679767D1}.Release|Any CPU.ActiveCfg = Release|Any CPU
		{9B11FB66-E3AF-4BA2-9B7F-348D679767D1}.Release|Any CPU.Build.0 = Release|Any CPU
		{A617C4AE-7391-4AF8-8A5E-240419BBEED4}.Debug|Any CPU.ActiveCfg = Debug|Any CPU
		{A617C4AE-7391-4AF8-8A5E-240419BBEED4}.Debug|Any CPU.Build.0 = Debug|Any CPU
		{A617C4AE-7391-4AF8-8A5E-240419BBEED4}.Release|Any CPU.ActiveCfg = Release|Any CPU
		{A617C4AE-7391-4AF8-8A5E-240419BBEED4}.Release|Any CPU.Build.0 = Release|Any CPU
	EndGlobalSection
	GlobalSection(SolutionProperties) = preSolution
		HideSolutionNode = FALSE
	EndGlobalSection
EndGlobal
