
Microsoft Visual Studio Solution File, Format Version 11.00
# Visual Studio 2010
Project("{f184b08f-c81c-45f6-a57f-5abd9991f28f}") = "FunBadge", "FunBadge\FunBadge.vbproj", "{49F93E7F-2C6D-48DA-9715-76960F679F42}"
EndProject
Project("{f184b08f-c81c-45f6-a57f-5abd9991f28f}") = "FunBadge.Web", "FunBadge.Web\FunBadge.Web.vbproj", "{04201DAA-3517-4016-B78E-5A980D1929C2}"
EndProject
Global
	GlobalSection(SolutionConfigurationPlatforms) = preSolution
		Debug|Any CPU = Debug|Any CPU
		Release|Any CPU = Release|Any CPU
	EndGlobalSection
	GlobalSection(ProjectConfigurationPlatforms) = postSolution
		{49F93E7F-2C6D-48DA-9715-76960F679F42}.Debug|Any CPU.ActiveCfg = Debug|Any CPU
		{49F93E7F-2C6D-48DA-9715-76960F679F42}.Debug|Any CPU.Build.0 = Debug|Any CPU
		{49F93E7F-2C6D-48DA-9715-76960F679F42}.Release|Any CPU.ActiveCfg = Release|Any CPU
		{49F93E7F-2C6D-48DA-9715-76960F679F42}.Release|Any CPU.Build.0 = Release|Any CPU
		{04201DAA-3517-4016-B78E-5A980D1929C2}.Debug|Any CPU.ActiveCfg = Debug|Any CPU
		{04201DAA-3517-4016-B78E-5A980D1929C2}.Debug|Any CPU.Build.0 = Debug|Any CPU
		{04201DAA-3517-4016-B78E-5A980D1929C2}.Release|Any CPU.ActiveCfg = Release|Any CPU
		{04201DAA-3517-4016-B78E-5A980D1929C2}.Release|Any CPU.Build.0 = Release|Any CPU
	EndGlobalSection
	GlobalSection(SolutionProperties) = preSolution
		HideSolutionNode = FALSE
	EndGlobalSection
EndGlobal

