
Microsoft Visual Studio Solution File, Format Version 11.00
# Visual Studio 2010
Project("{F184B08F-C81C-45F6-A57F-5ABD9991F28F}") = "Encode", "Encode\Encode.vbproj", "{9F3DDEB7-D462-4C52-8A4B-1DD6E5A7C770}"
EndProject
Project("{F184B08F-C81C-45F6-A57F-5ABD9991F28F}") = "Encode.Web", "Encode.Web\Encode.Web.vbproj", "{723ABC68-245F-4BF0-9247-687412601706}"
EndProject
Global
	GlobalSection(SolutionConfigurationPlatforms) = preSolution
		Debug|Any CPU = Debug|Any CPU
		Release|Any CPU = Release|Any CPU
	EndGlobalSection
	GlobalSection(ProjectConfigurationPlatforms) = postSolution
		{9F3DDEB7-D462-4C52-8A4B-1DD6E5A7C770}.Debug|Any CPU.ActiveCfg = Debug|Any CPU
		{9F3DDEB7-D462-4C52-8A4B-1DD6E5A7C770}.Debug|Any CPU.Build.0 = Debug|Any CPU
		{9F3DDEB7-D462-4C52-8A4B-1DD6E5A7C770}.Release|Any CPU.ActiveCfg = Release|Any CPU
		{9F3DDEB7-D462-4C52-8A4B-1DD6E5A7C770}.Release|Any CPU.Build.0 = Release|Any CPU
		{723ABC68-245F-4BF0-9247-687412601706}.Debug|Any CPU.ActiveCfg = Debug|Any CPU
		{723ABC68-245F-4BF0-9247-687412601706}.Debug|Any CPU.Build.0 = Debug|Any CPU
		{723ABC68-245F-4BF0-9247-687412601706}.Release|Any CPU.ActiveCfg = Release|Any CPU
		{723ABC68-245F-4BF0-9247-687412601706}.Release|Any CPU.Build.0 = Release|Any CPU
	EndGlobalSection
	GlobalSection(SolutionProperties) = preSolution
		HideSolutionNode = FALSE
	EndGlobalSection
EndGlobal

