Microsoft Visual Studio Solution File, Format Version 11.00
# Visual Studio 2010
Project("{F184B08F-C81C-45F6-A57F-5ABD9991F28F}") = "1-CustomizeControl", "1-CustomizeControl\1-CustomizeControl.vbproj", "{CD1D19A5-9E3F-4FC8-8D07-731613283358}"
	ProjectSection(ProjectDependencies) = postProject
		{842FFF80-82E6-4BDE-A0BA-ED9D7DF1333C} = {842FFF80-82E6-4BDE-A0BA-ED9D7DF1333C}
	EndProjectSection
EndProject
Project("{F184B08F-C81C-45F6-A57F-5ABD9991F28F}") = "2-UserControl", "2-ReusableControl\2-UserControl.vbproj", "{CEE965F7-C15A-4197-BB93-60E7E8B2CAD5}"
	ProjectSection(ProjectDependencies) = postProject
		{842FFF80-82E6-4BDE-A0BA-ED9D7DF1333C} = {842FFF80-82E6-4BDE-A0BA-ED9D7DF1333C}
		{CD1D19A5-9E3F-4FC8-8D07-731613283358} = {CD1D19A5-9E3F-4FC8-8D07-731613283358}
	EndProjectSection
EndProject
Project("{F184B08F-C81C-45F6-A57F-5ABD9991F28F}") = "SlideshowCustomControl", "3-CustomControl\SlideshowCustomControl\SlideshowCustomControl.vbproj", "{842FFF80-82E6-4BDE-A0BA-ED9D7DF1333C}"
EndProject
Project("{F184B08F-C81C-45F6-A57F-5ABD9991F28F}") = "TestCustomControl", "3-CustomControl\TestApp\TestCustomControl.vbproj", "{606ADB2F-F5A3-4310-BFD5-48F6D81B5E00}"
	ProjectSection(ProjectDependencies) = postProject
		{842FFF80-82E6-4BDE-A0BA-ED9D7DF1333C} = {842FFF80-82E6-4BDE-A0BA-ED9D7DF1333C}
	EndProjectSection
EndProject
Project("{F184B08F-C81C-45F6-A57F-5ABD9991F28F}") = "4-DeepZoom", "4-DeepZoom\4-DeepZoom.vbproj", "{C743C755-D243-4257-959A-C7AF6A3E6DA8}"
EndProject
Global
	GlobalSection(SolutionConfigurationPlatforms) = preSolution
		Debug|Any CPU = Debug|Any CPU
		Release|Any CPU = Release|Any CPU
	EndGlobalSection
	GlobalSection(ProjectConfigurationPlatforms) = postSolution
		{CD1D19A5-9E3F-4FC8-8D07-731613283358}.Debug|Any CPU.ActiveCfg = Debug|Any CPU
		{CD1D19A5-9E3F-4FC8-8D07-731613283358}.Debug|Any CPU.Build.0 = Debug|Any CPU
		{CD1D19A5-9E3F-4FC8-8D07-731613283358}.Release|Any CPU.ActiveCfg = Release|Any CPU
		{CD1D19A5-9E3F-4FC8-8D07-731613283358}.Release|Any CPU.Build.0 = Release|Any CPU
		{CEE965F7-C15A-4197-BB93-60E7E8B2CAD5}.Debug|Any CPU.ActiveCfg = Debug|Any CPU
		{CEE965F7-C15A-4197-BB93-60E7E8B2CAD5}.Debug|Any CPU.Build.0 = Debug|Any CPU
		{CEE965F7-C15A-4197-BB93-60E7E8B2CAD5}.Release|Any CPU.ActiveCfg = Release|Any CPU
		{CEE965F7-C15A-4197-BB93-60E7E8B2CAD5}.Release|Any CPU.Build.0 = Release|Any CPU
		{842FFF80-82E6-4BDE-A0BA-ED9D7DF1333C}.Debug|Any CPU.ActiveCfg = Debug|Any CPU
		{842FFF80-82E6-4BDE-A0BA-ED9D7DF1333C}.Debug|Any CPU.Build.0 = Debug|Any CPU
		{842FFF80-82E6-4BDE-A0BA-ED9D7DF1333C}.Release|Any CPU.ActiveCfg = Release|Any CPU
		{842FFF80-82E6-4BDE-A0BA-ED9D7DF1333C}.Release|Any CPU.Build.0 = Release|Any CPU
		{606ADB2F-F5A3-4310-BFD5-48F6D81B5E00}.Debug|Any CPU.ActiveCfg = Debug|Any CPU
		{606ADB2F-F5A3-4310-BFD5-48F6D81B5E00}.Debug|Any CPU.Build.0 = Debug|Any CPU
		{606ADB2F-F5A3-4310-BFD5-48F6D81B5E00}.Release|Any CPU.ActiveCfg = Release|Any CPU
		{606ADB2F-F5A3-4310-BFD5-48F6D81B5E00}.Release|Any CPU.Build.0 = Release|Any CPU
		{C743C755-D243-4257-959A-C7AF6A3E6DA8}.Debug|Any CPU.ActiveCfg = Debug|Any CPU
		{C743C755-D243-4257-959A-C7AF6A3E6DA8}.Debug|Any CPU.Build.0 = Debug|Any CPU
		{C743C755-D243-4257-959A-C7AF6A3E6DA8}.Release|Any CPU.ActiveCfg = Release|Any CPU
		{C743C755-D243-4257-959A-C7AF6A3E6DA8}.Release|Any CPU.Build.0 = Release|Any CPU
	EndGlobalSection
	GlobalSection(SolutionProperties) = preSolution
		HideSolutionNode = FALSE
	EndGlobalSection
EndGlobal
